
Microsoft Visual Studio Solution File, Format Version 12.00
# Visual Studio 15
VisualStudioVersion = 15.0.28010.2036
MinimumVisualStudioVersion = 10.0.40219.1
Project("{FAE04EC0-301F-11D3-BF4B-00C04F79EFBC}") = "GoogleAutoCompleteApp.Android", "GoogleAutoCompleteApp\GoogleAutoCompleteApp.Android\GoogleAutoCompleteApp.Android.csproj", "{F085CAE3-D306-45B2-87E2-F0FDA96F7D1B}"
EndProject
Project("{FAE04EC0-301F-11D3-BF4B-00C04F79EFBC}") = "GoogleAutoCompleteApp.iOS", "GoogleAutoCompleteApp\GoogleAutoCompleteApp.iOS\GoogleAutoCompleteApp.iOS.csproj", "{1396BD2F-6EEF-473D-BE12-C7FD66DA99B1}"
EndProject
Project("{FAE04EC0-301F-11D3-BF4B-00C04F79EFBC}") = "GoogleAutoCompleteApp.UWP", "GoogleAutoCompleteApp\GoogleAutoCompleteApp.UWP\GoogleAutoCompleteApp.UWP.csproj", "{B16D0675-16EF-48C1-B8D1-E5E5E4AD8626}"
EndProject
Project("{9A19103F-16F7-4668-BE54-9A1E7A4F7556}") = "GoogleAutoCompleteApp", "GoogleAutoCompleteApp\GoogleAutoCompleteApp\GoogleAutoCompleteApp.csproj", "{9754C69D-BF96-416F-B38B-DCCBCD459E8E}"
EndProject
Project("{2150E333-8FDC-42A3-9474-1A3956D46DE8}") = "Solution Items", "Solution Items", "{B5DD9A50-98CF-4663-AE5D-34DE44EBE2AC}"
	ProjectSection(SolutionItems) = preProject
		README.md = README.md
	EndProjectSection
EndProject
Global
	GlobalSection(SolutionConfigurationPlatforms) = preSolution
		Ad-Hoc|Any CPU = Ad-Hoc|Any CPU
		Ad-Hoc|ARM = Ad-Hoc|ARM
		Ad-Hoc|iPhone = Ad-Hoc|iPhone
		Ad-Hoc|iPhoneSimulator = Ad-Hoc|iPhoneSimulator
		Ad-Hoc|x64 = Ad-Hoc|x64
		Ad-Hoc|x86 = Ad-Hoc|x86
		AppStore|Any CPU = AppStore|Any CPU
		AppStore|ARM = AppStore|ARM
		AppStore|iPhone = AppStore|iPhone
		AppStore|iPhoneSimulator = AppStore|iPhoneSimulator
		AppStore|x64 = AppStore|x64
		AppStore|x86 = AppStore|x86
		Debug|Any CPU = Debug|Any CPU
		Debug|ARM = Debug|ARM
		Debug|iPhone = Debug|iPhone
		Debug|iPhoneSimulator = Debug|iPhoneSimulator
		Debug|x64 = Debug|x64
		Debug|x86 = Debug|x86
		Release|Any CPU = Release|Any CPU
		Release|ARM = Release|ARM
		Release|iPhone = Release|iPhone
		Release|iPhoneSimulator = Release|iPhoneSimulator
		Release|x64 = Release|x64
		Release|x86 = Release|x86
	EndGlobalSection
	GlobalSection(ProjectConfigurationPlatforms) = postSolution
		{F085CAE3-D306-45B2-87E2-F0FDA96F7D1B}.Ad-Hoc|Any CPU.ActiveCfg = Release|Any CPU
		{F085CAE3-D306-45B2-87E2-F0FDA96F7D1B}.Ad-Hoc|Any CPU.Build.0 = Release|Any CPU
		{F085CAE3-D306-45B2-87E2-F0FDA96F7D1B}.Ad-Hoc|Any CPU.Deploy.0 = Release|Any CPU
		{F085CAE3-D306-45B2-87E2-F0FDA96F7D1B}.Ad-Hoc|ARM.ActiveCfg = Release|Any CPU
		{F085CAE3-D306-45B2-87E2-F0FDA96F7D1B}.Ad-Hoc|ARM.Build.0 = Release|Any CPU
		{F085CAE3-D306-45B2-87E2-F0FDA96F7D1B}.Ad-Hoc|ARM.Deploy.0 = Release|Any CPU
		{F085CAE3-D306-45B2-87E2-F0FDA96F7D1B}.Ad-Hoc|iPhone.ActiveCfg = Release|Any CPU
		{F085CAE3-D306-45B2-87E2-F0FDA96F7D1B}.Ad-Hoc|iPhone.Build.0 = Release|Any CPU
		{F085CAE3-D306-45B2-87E2-F0FDA96F7D1B}.Ad-Hoc|iPhone.Deploy.0 = Release|Any CPU
		{F085CAE3-D306-45B2-87E2-F0FDA96F7D1B}.Ad-Hoc|iPhoneSimulator.ActiveCfg = Release|Any CPU
		{F085CAE3-D306-45B2-87E2-F0FDA96F7D1B}.Ad-Hoc|iPhoneSimulator.Build.0 = Release|Any CPU
		{F085CAE3-D306-45B2-87E2-F0FDA96F7D1B}.Ad-Hoc|iPhoneSimulator.Deploy.0 = Release|Any CPU
		{F085CAE3-D306-45B2-87E2-F0FDA96F7D1B}.Ad-Hoc|x64.ActiveCfg = Release|Any CPU
		{F085CAE3-D306-45B2-87E2-F0FDA96F7D1B}.Ad-Hoc|x64.Build.0 = Release|Any CPU
		{F085CAE3-D306-45B2-87E2-F0FDA96F7D1B}.Ad-Hoc|x64.Deploy.0 = Release|Any CPU
		{F085CAE3-D306-45B2-87E2-F0FDA96F7D1B}.Ad-Hoc|x86.ActiveCfg = Release|Any CPU
		{F085CAE3-D306-45B2-87E2-F0FDA96F7D1B}.Ad-Hoc|x86.Build.0 = Release|Any CPU
		{F085CAE3-D306-45B2-87E2-F0FDA96F7D1B}.Ad-Hoc|x86.Deploy.0 = Release|Any CPU
		{F085CAE3-D306-45B2-87E2-F0FDA96F7D1B}.AppStore|Any CPU.ActiveCfg = Release|Any CPU
		{F085CAE3-D306-45B2-87E2-F0FDA96F7D1B}.AppStore|Any CPU.Build.0 = Release|Any CPU
		{F085CAE3-D306-45B2-87E2-F0FDA96F7D1B}.AppStore|Any CPU.Deploy.0 = Release|Any CPU
		{F085CAE3-D306-45B2-87E2-F0FDA96F7D1B}.AppStore|ARM.ActiveCfg = Release|Any CPU
		{F085CAE3-D306-45B2-87E2-F0FDA96F7D1B}.AppStore|ARM.Build.0 = Release|Any CPU
		{F085CAE3-D306-45B2-87E2-F0FDA96F7D1B}.AppStore|ARM.Deploy.0 = Release|Any CPU
		{F085CAE3-D306-45B2-87E2-F0FDA96F7D1B}.AppStore|iPhone.ActiveCfg = Release|Any CPU
		{F085CAE3-D306-45B2-87E2-F0FDA96F7D1B}.AppStore|iPhone.Build.0 = Release|Any CPU
		{F085CAE3-D306-45B2-87E2-F0FDA96F7D1B}.AppStore|iPhone.Deploy.0 = Release|Any CPU
		{F085CAE3-D306-45B2-87E2-F0FDA96F7D1B}.AppStore|iPhoneSimulator.ActiveCfg = Release|Any CPU
		{F085CAE3-D306-45B2-87E2-F0FDA96F7D1B}.AppStore|iPhoneSimulator.Build.0 = Release|Any CPU
		{F085CAE3-D306-45B2-87E2-F0FDA96F7D1B}.AppStore|iPhoneSimulator.Deploy.0 = Release|Any CPU
		{F085CAE3-D306-45B2-87E2-F0FDA96F7D1B}.AppStore|x64.ActiveCfg = Release|Any CPU
		{F085CAE3-D306-45B2-87E2-F0FDA96F7D1B}.AppStore|x64.Build.0 = Release|Any CPU
		{F085CAE3-D306-45B2-87E2-F0FDA96F7D1B}.AppStore|x64.Deploy.0 = Release|Any CPU
		{F085CAE3-D306-45B2-87E2-F0FDA96F7D1B}.AppStore|x86.ActiveCfg = Release|Any CPU
		{F085CAE3-D306-45B2-87E2-F0FDA96F7D1B}.AppStore|x86.Build.0 = Release|Any CPU
		{F085CAE3-D306-45B2-87E2-F0FDA96F7D1B}.AppStore|x86.Deploy.0 = Release|Any CPU
		{F085CAE3-D306-45B2-87E2-F0FDA96F7D1B}.Debug|Any CPU.ActiveCfg = Debug|Any CPU
		{F085CAE3-D306-45B2-87E2-F0FDA96F7D1B}.Debug|Any CPU.Build.0 = Debug|Any CPU
		{F085CAE3-D306-45B2-87E2-F0FDA96F7D1B}.Debug|Any CPU.Deploy.0 = Debug|Any CPU
		{F085CAE3-D306-45B2-87E2-F0FDA96F7D1B}.Debug|ARM.ActiveCfg = Debug|Any CPU
		{F085CAE3-D306-45B2-87E2-F0FDA96F7D1B}.Debug|ARM.Build.0 = Debug|Any CPU
		{F085CAE3-D306-45B2-87E2-F0FDA96F7D1B}.Debug|ARM.Deploy.0 = Debug|Any CPU
		{F085CAE3-D306-45B2-87E2-F0FDA96F7D1B}.Debug|iPhone.ActiveCfg = Debug|Any CPU
		{F085CAE3-D306-45B2-87E2-F0FDA96F7D1B}.Debug|iPhone.Build.0 = Debug|Any CPU
		{F085CAE3-D306-45B2-87E2-F0FDA96F7D1B}.Debug|iPhone.Deploy.0 = Debug|Any CPU
		{F085CAE3-D306-45B2-87E2-F0FDA96F7D1B}.Debug|iPhoneSimulator.ActiveCfg = Debug|Any CPU
		{F085CAE3-D306-45B2-87E2-F0FDA96F7D1B}.Debug|iPhoneSimulator.Build.0 = Debug|Any CPU
		{F085CAE3-D306-45B2-87E2-F0FDA96F7D1B}.Debug|iPhoneSimulator.Deploy.0 = Debug|Any CPU
		{F085CAE3-D306-45B2-87E2-F0FDA96F7D1B}.Debug|x64.ActiveCfg = Debug|Any CPU
		{F085CAE3-D306-45B2-87E2-F0FDA96F7D1B}.Debug|x64.Build.0 = Debug|Any CPU
		{F085CAE3-D306-45B2-87E2-F0FDA96F7D1B}.Debug|x64.Deploy.0 = Debug|Any CPU
		{F085CAE3-D306-45B2-87E2-F0FDA96F7D1B}.Debug|x86.ActiveCfg = Debug|Any CPU
		{F085CAE3-D306-45B2-87E2-F0FDA96F7D1B}.Debug|x86.Build.0 = Debug|Any CPU
		{F085CAE3-D306-45B2-87E2-F0FDA96F7D1B}.Debug|x86.Deploy.0 = Debug|Any CPU
		{F085CAE3-D306-45B2-87E2-F0FDA96F7D1B}.Release|Any CPU.ActiveCfg = Release|Any CPU
		{F085CAE3-D306-45B2-87E2-F0FDA96F7D1B}.Release|Any CPU.Build.0 = Release|Any CPU
		{F085CAE3-D306-45B2-87E2-F0FDA96F7D1B}.Release|Any CPU.Deploy.0 = Release|Any CPU
		{F085CAE3-D306-45B2-87E2-F0FDA96F7D1B}.Release|ARM.ActiveCfg = Release|Any CPU
		{F085CAE3-D306-45B2-87E2-F0FDA96F7D1B}.Release|ARM.Build.0 = Release|Any CPU
		{F085CAE3-D306-45B2-87E2-F0FDA96F7D1B}.Release|ARM.Deploy.0 = Release|Any CPU
		{F085CAE3-D306-45B2-87E2-F0FDA96F7D1B}.Release|iPhone.ActiveCfg = Release|Any CPU
		{F085CAE3-D306-45B2-87E2-F0FDA96F7D1B}.Release|iPhone.Build.0 = Release|Any CPU
		{F085CAE3-D306-45B2-87E2-F0FDA96F7D1B}.Release|iPhone.Deploy.0 = Release|Any CPU
		{F085CAE3-D306-45B2-87E2-F0FDA96F7D1B}.Release|iPhoneSimulator.ActiveCfg = Release|Any CPU
		{F085CAE3-D306-45B2-87E2-F0FDA96F7D1B}.Release|iPhoneSimulator.Build.0 = Release|Any CPU
		{F085CAE3-D306-45B2-87E2-F0FDA96F7D1B}.Release|iPhoneSimulator.Deploy.0 = Release|Any CPU
		{F085CAE3-D306-45B2-87E2-F0FDA96F7D1B}.Release|x64.ActiveCfg = Release|Any CPU
		{F085CAE3-D306-45B2-87E2-F0FDA96F7D1B}.Release|x64.Build.0 = Release|Any CPU
		{F085CAE3-D306-45B2-87E2-F0FDA96F7D1B}.Release|x64.Deploy.0 = Release|Any CPU
		{F085CAE3-D306-45B2-87E2-F0FDA96F7D1B}.Release|x86.ActiveCfg = Release|Any CPU
		{F085CAE3-D306-45B2-87E2-F0FDA96F7D1B}.Release|x86.Build.0 = Release|Any CPU
		{F085CAE3-D306-45B2-87E2-F0FDA96F7D1B}.Release|x86.Deploy.0 = Release|Any CPU
		{1396BD2F-6EEF-473D-BE12-C7FD66DA99B1}.Ad-Hoc|Any CPU.ActiveCfg = Ad-Hoc|iPhone
		{1396BD2F-6EEF-473D-BE12-C7FD66DA99B1}.Ad-Hoc|Any CPU.Build.0 = Ad-Hoc|iPhone
		{1396BD2F-6EEF-473D-BE12-C7FD66DA99B1}.Ad-Hoc|Any CPU.Deploy.0 = Ad-Hoc|iPhone
		{1396BD2F-6EEF-473D-BE12-C7FD66DA99B1}.Ad-Hoc|ARM.ActiveCfg = Ad-Hoc|iPhone
		{1396BD2F-6EEF-473D-BE12-C7FD66DA99B1}.Ad-Hoc|ARM.Build.0 = Ad-Hoc|iPhone
		{1396BD2F-6EEF-473D-BE12-C7FD66DA99B1}.Ad-Hoc|ARM.Deploy.0 = Ad-Hoc|iPhone
		{1396BD2F-6EEF-473D-BE12-C7FD66DA99B1}.Ad-Hoc|iPhone.ActiveCfg = Ad-Hoc|iPhone
		{1396BD2F-6EEF-473D-BE12-C7FD66DA99B1}.Ad-Hoc|iPhone.Build.0 = Ad-Hoc|iPhone
		{1396BD2F-6EEF-473D-BE12-C7FD66DA99B1}.Ad-Hoc|iPhone.Deploy.0 = Ad-Hoc|iPhone
		{1396BD2F-6EEF-473D-BE12-C7FD66DA99B1}.Ad-Hoc|iPhoneSimulator.ActiveCfg = Ad-Hoc|iPhoneSimulator
		{1396BD2F-6EEF-473D-BE12-C7FD66DA99B1}.Ad-Hoc|iPhoneSimulator.Build.0 = Ad-Hoc|iPhoneSimulator
		{1396BD2F-6EEF-473D-BE12-C7FD66DA99B1}.Ad-Hoc|iPhoneSimulator.Deploy.0 = Ad-Hoc|iPhoneSimulator
		{1396BD2F-6EEF-473D-BE12-C7FD66DA99B1}.Ad-Hoc|x64.ActiveCfg = Ad-Hoc|iPhone
		{1396BD2F-6EEF-473D-BE12-C7FD66DA99B1}.Ad-Hoc|x64.Build.0 = Ad-Hoc|iPhone
		{1396BD2F-6EEF-473D-BE12-C7FD66DA99B1}.Ad-Hoc|x64.Deploy.0 = Ad-Hoc|iPhone
		{1396BD2F-6EEF-473D-BE12-C7FD66DA99B1}.Ad-Hoc|x86.ActiveCfg = Ad-Hoc|iPhone
		{1396BD2F-6EEF-473D-BE12-C7FD66DA99B1}.Ad-Hoc|x86.Build.0 = Ad-Hoc|iPhone
		{1396BD2F-6EEF-473D-BE12-C7FD66DA99B1}.Ad-Hoc|x86.Deploy.0 = Ad-Hoc|iPhone
		{1396BD2F-6EEF-473D-BE12-C7FD66DA99B1}.AppStore|Any CPU.ActiveCfg = AppStore|iPhone
		{1396BD2F-6EEF-473D-BE12-C7FD66DA99B1}.AppStore|Any CPU.Build.0 = AppStore|iPhone
		{1396BD2F-6EEF-473D-BE12-C7FD66DA99B1}.AppStore|Any CPU.Deploy.0 = AppStore|iPhone
		{1396BD2F-6EEF-473D-BE12-C7FD66DA99B1}.AppStore|ARM.ActiveCfg = AppStore|iPhone
		{1396BD2F-6EEF-473D-BE12-C7FD66DA99B1}.AppStore|ARM.Build.0 = AppStore|iPhone
		{1396BD2F-6EEF-473D-BE12-C7FD66DA99B1}.AppStore|ARM.Deploy.0 = AppStore|iPhone
		{1396BD2F-6EEF-473D-BE12-C7FD66DA99B1}.AppStore|iPhone.ActiveCfg = AppStore|iPhone
		{1396BD2F-6EEF-473D-BE12-C7FD66DA99B1}.AppStore|iPhone.Build.0 = AppStore|iPhone
		{1396BD2F-6EEF-473D-BE12-C7FD66DA99B1}.AppStore|iPhone.Deploy.0 = AppStore|iPhone
		{1396BD2F-6EEF-473D-BE12-C7FD66DA99B1}.AppStore|iPhoneSimulator.ActiveCfg = AppStore|iPhoneSimulator
		{1396BD2F-6EEF-473D-BE12-C7FD66DA99B1}.AppStore|iPhoneSimulator.Build.0 = AppStore|iPhoneSimulator
		{1396BD2F-6EEF-473D-BE12-C7FD66DA99B1}.AppStore|iPhoneSimulator.Deploy.0 = AppStore|iPhoneSimulator
		{1396BD2F-6EEF-473D-BE12-C7FD66DA99B1}.AppStore|x64.ActiveCfg = AppStore|iPhone
		{1396BD2F-6EEF-473D-BE12-C7FD66DA99B1}.AppStore|x64.Build.0 = AppStore|iPhone
		{1396BD2F-6EEF-473D-BE12-C7FD66DA99B1}.AppStore|x64.Deploy.0 = AppStore|iPhone
		{1396BD2F-6EEF-473D-BE12-C7FD66DA99B1}.AppStore|x86.ActiveCfg = AppStore|iPhone
		{1396BD2F-6EEF-473D-BE12-C7FD66DA99B1}.AppStore|x86.Build.0 = AppStore|iPhone
		{1396BD2F-6EEF-473D-BE12-C7FD66DA99B1}.AppStore|x86.Deploy.0 = AppStore|iPhone
		{1396BD2F-6EEF-473D-BE12-C7FD66DA99B1}.Debug|Any CPU.ActiveCfg = Debug|iPhoneSimulator
		{1396BD2F-6EEF-473D-BE12-C7FD66DA99B1}.Debug|Any CPU.Build.0 = Debug|iPhoneSimulator
		{1396BD2F-6EEF-473D-BE12-C7FD66DA99B1}.Debug|Any CPU.Deploy.0 = Debug|iPhoneSimulator
		{1396BD2F-6EEF-473D-BE12-C7FD66DA99B1}.Debug|ARM.ActiveCfg = Debug|iPhone
		{1396BD2F-6EEF-473D-BE12-C7FD66DA99B1}.Debug|ARM.Build.0 = Debug|iPhone
		{1396BD2F-6EEF-473D-BE12-C7FD66DA99B1}.Debug|ARM.Deploy.0 = Debug|iPhone
		{1396BD2F-6EEF-473D-BE12-C7FD66DA99B1}.Debug|iPhone.ActiveCfg = Debug|iPhone
		{1396BD2F-6EEF-473D-BE12-C7FD66DA99B1}.Debug|iPhone.Build.0 = Debug|iPhone
		{1396BD2F-6EEF-473D-BE12-C7FD66DA99B1}.Debug|iPhone.Deploy.0 = Debug|iPhone
		{1396BD2F-6EEF-473D-BE12-C7FD66DA99B1}.Debug|iPhoneSimulator.ActiveCfg = Debug|iPhoneSimulator
		{1396BD2F-6EEF-473D-BE12-C7FD66DA99B1}.Debug|iPhoneSimulator.Build.0 = Debug|iPhoneSimulator
		{1396BD2F-6EEF-473D-BE12-C7FD66DA99B1}.Debug|iPhoneSimulator.Deploy.0 = Debug|iPhoneSimulator
		{1396BD2F-6EEF-473D-BE12-C7FD66DA99B1}.Debug|x64.ActiveCfg = Debug|iPhone
		{1396BD2F-6EEF-473D-BE12-C7FD66DA99B1}.Debug|x64.Build.0 = Debug|iPhone
		{1396BD2F-6EEF-473D-BE12-C7FD66DA99B1}.Debug|x64.Deploy.0 = Debug|iPhone
		{1396BD2F-6EEF-473D-BE12-C7FD66DA99B1}.Debug|x86.ActiveCfg = Debug|iPhone
		{1396BD2F-6EEF-473D-BE12-C7FD66DA99B1}.Debug|x86.Build.0 = Debug|iPhone
		{1396BD2F-6EEF-473D-BE12-C7FD66DA99B1}.Debug|x86.Deploy.0 = Debug|iPhone
		{1396BD2F-6EEF-473D-BE12-C7FD66DA99B1}.Release|Any CPU.ActiveCfg = Release|iPhone
		{1396BD2F-6EEF-473D-BE12-C7FD66DA99B1}.Release|Any CPU.Build.0 = Release|iPhone
		{1396BD2F-6EEF-473D-BE12-C7FD66DA99B1}.Release|Any CPU.Deploy.0 = Release|iPhone
		{1396BD2F-6EEF-473D-BE12-C7FD66DA99B1}.Release|ARM.ActiveCfg = Release|iPhone
		{1396BD2F-6EEF-473D-BE12-C7FD66DA99B1}.Release|ARM.Build.0 = Release|iPhone
		{1396BD2F-6EEF-473D-BE12-C7FD66DA99B1}.Release|ARM.Deploy.0 = Release|iPhone
		{1396BD2F-6EEF-473D-BE12-C7FD66DA99B1}.Release|iPhone.ActiveCfg = Release|iPhone
		{1396BD2F-6EEF-473D-BE12-C7FD66DA99B1}.Release|iPhone.Build.0 = Release|iPhone
		{1396BD2F-6EEF-473D-BE12-C7FD66DA99B1}.Release|iPhone.Deploy.0 = Release|iPhone
		{1396BD2F-6EEF-473D-BE12-C7FD66DA99B1}.Release|iPhoneSimulator.ActiveCfg = Release|iPhoneSimulator
		{1396BD2F-6EEF-473D-BE12-C7FD66DA99B1}.Release|iPhoneSimulator.Build.0 = Release|iPhoneSimulator
		{1396BD2F-6EEF-473D-BE12-C7FD66DA99B1}.Release|iPhoneSimulator.Deploy.0 = Release|iPhoneSimulator
		{1396BD2F-6EEF-473D-BE12-C7FD66DA99B1}.Release|x64.ActiveCfg = Release|iPhone
		{1396BD2F-6EEF-473D-BE12-C7FD66DA99B1}.Release|x64.Build.0 = Release|iPhone
		{1396BD2F-6EEF-473D-BE12-C7FD66DA99B1}.Release|x64.Deploy.0 = Release|iPhone
		{1396BD2F-6EEF-473D-BE12-C7FD66DA99B1}.Release|x86.ActiveCfg = Release|iPhone
		{1396BD2F-6EEF-473D-BE12-C7FD66DA99B1}.Release|x86.Build.0 = Release|iPhone
		{1396BD2F-6EEF-473D-BE12-C7FD66DA99B1}.Release|x86.Deploy.0 = Release|iPhone
		{B16D0675-16EF-48C1-B8D1-E5E5E4AD8626}.Ad-Hoc|Any CPU.ActiveCfg = Release|x86
		{B16D0675-16EF-48C1-B8D1-E5E5E4AD8626}.Ad-Hoc|Any CPU.Build.0 = Release|x86
		{B16D0675-16EF-48C1-B8D1-E5E5E4AD8626}.Ad-Hoc|Any CPU.Deploy.0 = Release|x86
		{B16D0675-16EF-48C1-B8D1-E5E5E4AD8626}.Ad-Hoc|ARM.ActiveCfg = Release|ARM
		{B16D0675-16EF-48C1-B8D1-E5E5E4AD8626}.Ad-Hoc|ARM.Build.0 = Release|ARM
		{B16D0675-16EF-48C1-B8D1-E5E5E4AD8626}.Ad-Hoc|ARM.Deploy.0 = Release|ARM
		{B16D0675-16EF-48C1-B8D1-E5E5E4AD8626}.Ad-Hoc|iPhone.ActiveCfg = Release|x86
		{B16D0675-16EF-48C1-B8D1-E5E5E4AD8626}.Ad-Hoc|iPhone.Build.0 = Release|x86
		{B16D0675-16EF-48C1-B8D1-E5E5E4AD8626}.Ad-Hoc|iPhone.Deploy.0 = Release|x86
		{B16D0675-16EF-48C1-B8D1-E5E5E4AD8626}.Ad-Hoc|iPhoneSimulator.ActiveCfg = Release|x86
		{B16D0675-16EF-48C1-B8D1-E5E5E4AD8626}.Ad-Hoc|iPhoneSimulator.Build.0 = Release|x86
		{B16D0675-16EF-48C1-B8D1-E5E5E4AD8626}.Ad-Hoc|iPhoneSimulator.Deploy.0 = Release|x86
		{B16D0675-16EF-48C1-B8D1-E5E5E4AD8626}.Ad-Hoc|x64.ActiveCfg = Release|x64
		{B16D0675-16EF-48C1-B8D1-E5E5E4AD8626}.Ad-Hoc|x64.Build.0 = Release|x64
		{B16D0675-16EF-48C1-B8D1-E5E5E4AD8626}.Ad-Hoc|x64.Deploy.0 = Release|x64
		{B16D0675-16EF-48C1-B8D1-E5E5E4AD8626}.Ad-Hoc|x86.ActiveCfg = Release|x86
		{B16D0675-16EF-48C1-B8D1-E5E5E4AD8626}.Ad-Hoc|x86.Build.0 = Release|x86
		{B16D0675-16EF-48C1-B8D1-E5E5E4AD8626}.Ad-Hoc|x86.Deploy.0 = Release|x86
		{B16D0675-16EF-48C1-B8D1-E5E5E4AD8626}.AppStore|Any CPU.ActiveCfg = Release|x86
		{B16D0675-16EF-48C1-B8D1-E5E5E4AD8626}.AppStore|Any CPU.Build.0 = Release|x86
		{B16D0675-16EF-48C1-B8D1-E5E5E4AD8626}.AppStore|Any CPU.Deploy.0 = Release|x86
		{B16D0675-16EF-48C1-B8D1-E5E5E4AD8626}.AppStore|ARM.ActiveCfg = Release|ARM
		{B16D0675-16EF-48C1-B8D1-E5E5E4AD8626}.AppStore|ARM.Build.0 = Release|ARM
		{B16D0675-16EF-48C1-B8D1-E5E5E4AD8626}.AppStore|ARM.Deploy.0 = Release|ARM
		{B16D0675-16EF-48C1-B8D1-E5E5E4AD8626}.AppStore|iPhone.ActiveCfg = Release|x86
		{B16D0675-16EF-48C1-B8D1-E5E5E4AD8626}.AppStore|iPhone.Build.0 = Release|x86
		{B16D0675-16EF-48C1-B8D1-E5E5E4AD8626}.AppStore|iPhone.Deploy.0 = Release|x86
		{B16D0675-16EF-48C1-B8D1-E5E5E4AD8626}.AppStore|iPhoneSimulator.ActiveCfg = Release|x86
		{B16D0675-16EF-48C1-B8D1-E5E5E4AD8626}.AppStore|iPhoneSimulator.Build.0 = Release|x86
		{B16D0675-16EF-48C1-B8D1-E5E5E4AD8626}.AppStore|iPhoneSimulator.Deploy.0 = Release|x86
		{B16D0675-16EF-48C1-B8D1-E5E5E4AD8626}.AppStore|x64.ActiveCfg = Release|x64
		{B16D0675-16EF-48C1-B8D1-E5E5E4AD8626}.AppStore|x64.Build.0 = Release|x64
		{B16D0675-16EF-48C1-B8D1-E5E5E4AD8626}.AppStore|x64.Deploy.0 = Release|x64
		{B16D0675-16EF-48C1-B8D1-E5E5E4AD8626}.AppStore|x86.ActiveCfg = Release|x86
		{B16D0675-16EF-48C1-B8D1-E5E5E4AD8626}.AppStore|x86.Build.0 = Release|x86
		{B16D0675-16EF-48C1-B8D1-E5E5E4AD8626}.AppStore|x86.Deploy.0 = Release|x86
		{B16D0675-16EF-48C1-B8D1-E5E5E4AD8626}.Debug|Any CPU.ActiveCfg = Debug|x86
		{B16D0675-16EF-48C1-B8D1-E5E5E4AD8626}.Debug|Any CPU.Build.0 = Debug|x86
		{B16D0675-16EF-48C1-B8D1-E5E5E4AD8626}.Debug|Any CPU.Deploy.0 = Debug|x86
		{B16D0675-16EF-48C1-B8D1-E5E5E4AD8626}.Debug|ARM.ActiveCfg = Debug|ARM
		{B16D0675-16EF-48C1-B8D1-E5E5E4AD8626}.Debug|ARM.Build.0 = Debug|ARM
		{B16D0675-16EF-48C1-B8D1-E5E5E4AD8626}.Debug|ARM.Deploy.0 = Debug|ARM
		{B16D0675-16EF-48C1-B8D1-E5E5E4AD8626}.Debug|iPhone.ActiveCfg = Debug|x86
		{B16D0675-16EF-48C1-B8D1-E5E5E4AD8626}.Debug|iPhone.Build.0 = Debug|x86
		{B16D0675-16EF-48C1-B8D1-E5E5E4AD8626}.Debug|iPhone.Deploy.0 = Debug|x86
		{B16D0675-16EF-48C1-B8D1-E5E5E4AD8626}.Debug|iPhoneSimulator.ActiveCfg = Debug|x86
		{B16D0675-16EF-48C1-B8D1-E5E5E4AD8626}.Debug|iPhoneSimulator.Build.0 = Debug|x86
		{B16D0675-16EF-48C1-B8D1-E5E5E4AD8626}.Debug|iPhoneSimulator.Deploy.0 = Debug|x86
		{B16D0675-16EF-48C1-B8D1-E5E5E4AD8626}.Debug|x64.ActiveCfg = Debug|x64
		{B16D0675-16EF-48C1-B8D1-E5E5E4AD8626}.Debug|x64.Build.0 = Debug|x64
		{B16D0675-16EF-48C1-B8D1-E5E5E4AD8626}.Debug|x64.Deploy.0 = Debug|x64
		{B16D0675-16EF-48C1-B8D1-E5E5E4AD8626}.Debug|x86.ActiveCfg = Debug|x86
		{B16D0675-16EF-48C1-B8D1-E5E5E4AD8626}.Debug|x86.Build.0 = Debug|x86
		{B16D0675-16EF-48C1-B8D1-E5E5E4AD8626}.Debug|x86.Deploy.0 = Debug|x86
		{B16D0675-16EF-48C1-B8D1-E5E5E4AD8626}.Release|Any CPU.ActiveCfg = Release|x86
		{B16D0675-16EF-48C1-B8D1-E5E5E4AD8626}.Release|Any CPU.Build.0 = Release|x86
		{B16D0675-16EF-48C1-B8D1-E5E5E4AD8626}.Release|Any CPU.Deploy.0 = Release|x86
		{B16D0675-16EF-48C1-B8D1-E5E5E4AD8626}.Release|ARM.ActiveCfg = Release|ARM
		{B16D0675-16EF-48C1-B8D1-E5E5E4AD8626}.Release|ARM.Build.0 = Release|ARM
		{B16D0675-16EF-48C1-B8D1-E5E5E4AD8626}.Release|ARM.Deploy.0 = Release|ARM
		{B16D0675-16EF-48C1-B8D1-E5E5E4AD8626}.Release|iPhone.ActiveCfg = Release|x86
		{B16D0675-16EF-48C1-B8D1-E5E5E4AD8626}.Release|iPhone.Build.0 = Release|x86
		{B16D0675-16EF-48C1-B8D1-E5E5E4AD8626}.Release|iPhone.Deploy.0 = Release|x86
		{B16D0675-16EF-48C1-B8D1-E5E5E4AD8626}.Release|iPhoneSimulator.ActiveCfg = Release|x86
		{B16D0675-16EF-48C1-B8D1-E5E5E4AD8626}.Release|iPhoneSimulator.Build.0 = Release|x86
		{B16D0675-16EF-48C1-B8D1-E5E5E4AD8626}.Release|iPhoneSimulator.Deploy.0 = Release|x86
		{B16D0675-16EF-48C1-B8D1-E5E5E4AD8626}.Release|x64.ActiveCfg = Release|x64
		{B16D0675-16EF-48C1-B8D1-E5E5E4AD8626}.Release|x64.Build.0 = Release|x64
		{B16D0675-16EF-48C1-B8D1-E5E5E4AD8626}.Release|x64.Deploy.0 = Release|x64
		{B16D0675-16EF-48C1-B8D1-E5E5E4AD8626}.Release|x86.ActiveCfg = Release|x86
		{B16D0675-16EF-48C1-B8D1-E5E5E4AD8626}.Release|x86.Build.0 = Release|x86
		{B16D0675-16EF-48C1-B8D1-E5E5E4AD8626}.Release|x86.Deploy.0 = Release|x86
		{9754C69D-BF96-416F-B38B-DCCBCD459E8E}.Ad-Hoc|Any CPU.ActiveCfg = Debug|Any CPU
		{9754C69D-BF96-416F-B38B-DCCBCD459E8E}.Ad-Hoc|Any CPU.Build.0 = Debug|Any CPU
		{9754C69D-BF96-416F-B38B-DCCBCD459E8E}.Ad-Hoc|Any CPU.Deploy.0 = Debug|Any CPU
		{9754C69D-BF96-416F-B38B-DCCBCD459E8E}.Ad-Hoc|ARM.ActiveCfg = Debug|Any CPU
		{9754C69D-BF96-416F-B38B-DCCBCD459E8E}.Ad-Hoc|ARM.Build.0 = Debug|Any CPU
		{9754C69D-BF96-416F-B38B-DCCBCD459E8E}.Ad-Hoc|ARM.Deploy.0 = Debug|Any CPU
		{9754C69D-BF96-416F-B38B-DCCBCD459E8E}.Ad-Hoc|iPhone.ActiveCfg = Debug|Any CPU
		{9754C69D-BF96-416F-B38B-DCCBCD459E8E}.Ad-Hoc|iPhone.Build.0 = Debug|Any CPU
		{9754C69D-BF96-416F-B38B-DCCBCD459E8E}.Ad-Hoc|iPhone.Deploy.0 = Debug|Any CPU
		{9754C69D-BF96-416F-B38B-DCCBCD459E8E}.Ad-Hoc|iPhoneSimulator.ActiveCfg = Debug|Any CPU
		{9754C69D-BF96-416F-B38B-DCCBCD459E8E}.Ad-Hoc|iPhoneSimulator.Build.0 = Debug|Any CPU
		{9754C69D-BF96-416F-B38B-DCCBCD459E8E}.Ad-Hoc|iPhoneSimulator.Deploy.0 = Debug|Any CPU
		{9754C69D-BF96-416F-B38B-DCCBCD459E8E}.Ad-Hoc|x64.ActiveCfg = Debug|Any CPU
		{9754C69D-BF96-416F-B38B-DCCBCD459E8E}.Ad-Hoc|x64.Build.0 = Debug|Any CPU
		{9754C69D-BF96-416F-B38B-DCCBCD459E8E}.Ad-Hoc|x64.Deploy.0 = Debug|Any CPU
		{9754C69D-BF96-416F-B38B-DCCBCD459E8E}.Ad-Hoc|x86.ActiveCfg = Debug|Any CPU
		{9754C69D-BF96-416F-B38B-DCCBCD459E8E}.Ad-Hoc|x86.Build.0 = Debug|Any CPU
		{9754C69D-BF96-416F-B38B-DCCBCD459E8E}.Ad-Hoc|x86.Deploy.0 = Debug|Any CPU
		{9754C69D-BF96-416F-B38B-DCCBCD459E8E}.AppStore|Any CPU.ActiveCfg = Debug|Any CPU
		{9754C69D-BF96-416F-B38B-DCCBCD459E8E}.AppStore|Any CPU.Build.0 = Debug|Any CPU
		{9754C69D-BF96-416F-B38B-DCCBCD459E8E}.AppStore|Any CPU.Deploy.0 = Debug|Any CPU
		{9754C69D-BF96-416F-B38B-DCCBCD459E8E}.AppStore|ARM.ActiveCfg = Debug|Any CPU
		{9754C69D-BF96-416F-B38B-DCCBCD459E8E}.AppStore|ARM.Build.0 = Debug|Any CPU
		{9754C69D-BF96-416F-B38B-DCCBCD459E8E}.AppStore|ARM.Deploy.0 = Debug|Any CPU
		{9754C69D-BF96-416F-B38B-DCCBCD459E8E}.AppStore|iPhone.ActiveCfg = Debug|Any CPU
		{9754C69D-BF96-416F-B38B-DCCBCD459E8E}.AppStore|iPhone.Build.0 = Debug|Any CPU
		{9754C69D-BF96-416F-B38B-DCCBCD459E8E}.AppStore|iPhone.Deploy.0 = Debug|Any CPU
		{9754C69D-BF96-416F-B38B-DCCBCD459E8E}.AppStore|iPhoneSimulator.ActiveCfg = Debug|Any CPU
		{9754C69D-BF96-416F-B38B-DCCBCD459E8E}.AppStore|iPhoneSimulator.Build.0 = Debug|Any CPU
		{9754C69D-BF96-416F-B38B-DCCBCD459E8E}.AppStore|iPhoneSimulator.Deploy.0 = Debug|Any CPU
		{9754C69D-BF96-416F-B38B-DCCBCD459E8E}.AppStore|x64.ActiveCfg = Debug|Any CPU
		{9754C69D-BF96-416F-B38B-DCCBCD459E8E}.AppStore|x64.Build.0 = Debug|Any CPU
		{9754C69D-BF96-416F-B38B-DCCBCD459E8E}.AppStore|x64.Deploy.0 = Debug|Any CPU
		{9754C69D-BF96-416F-B38B-DCCBCD459E8E}.AppStore|x86.ActiveCfg = Debug|Any CPU
		{9754C69D-BF96-416F-B38B-DCCBCD459E8E}.AppStore|x86.Build.0 = Debug|Any CPU
		{9754C69D-BF96-416F-B38B-DCCBCD459E8E}.AppStore|x86.Deploy.0 = Debug|Any CPU
		{9754C69D-BF96-416F-B38B-DCCBCD459E8E}.Debug|Any CPU.ActiveCfg = Debug|Any CPU
		{9754C69D-BF96-416F-B38B-DCCBCD459E8E}.Debug|Any CPU.Build.0 = Debug|Any CPU
		{9754C69D-BF96-416F-B38B-DCCBCD459E8E}.Debug|Any CPU.Deploy.0 = Debug|Any CPU
		{9754C69D-BF96-416F-B38B-DCCBCD459E8E}.Debug|ARM.ActiveCfg = Debug|Any CPU
		{9754C69D-BF96-416F-B38B-DCCBCD459E8E}.Debug|ARM.Build.0 = Debug|Any CPU
		{9754C69D-BF96-416F-B38B-DCCBCD459E8E}.Debug|ARM.Deploy.0 = Debug|Any CPU
		{9754C69D-BF96-416F-B38B-DCCBCD459E8E}.Debug|iPhone.ActiveCfg = Debug|Any CPU
		{9754C69D-BF96-416F-B38B-DCCBCD459E8E}.Debug|iPhone.Build.0 = Debug|Any CPU
		{9754C69D-BF96-416F-B38B-DCCBCD459E8E}.Debug|iPhone.Deploy.0 = Debug|Any CPU
		{9754C69D-BF96-416F-B38B-DCCBCD459E8E}.Debug|iPhoneSimulator.ActiveCfg = Debug|Any CPU
		{9754C69D-BF96-416F-B38B-DCCBCD459E8E}.Debug|iPhoneSimulator.Build.0 = Debug|Any CPU
		{9754C69D-BF96-416F-B38B-DCCBCD459E8E}.Debug|iPhoneSimulator.Deploy.0 = Debug|Any CPU
		{9754C69D-BF96-416F-B38B-DCCBCD459E8E}.Debug|x64.ActiveCfg = Debug|Any CPU
		{9754C69D-BF96-416F-B38B-DCCBCD459E8E}.Debug|x64.Build.0 = Debug|Any CPU
		{9754C69D-BF96-416F-B38B-DCCBCD459E8E}.Debug|x64.Deploy.0 = Debug|Any CPU
		{9754C69D-BF96-416F-B38B-DCCBCD459E8E}.Debug|x86.ActiveCfg = Debug|Any CPU
		{9754C69D-BF96-416F-B38B-DCCBCD459E8E}.Debug|x86.Build.0 = Debug|Any CPU
		{9754C69D-BF96-416F-B38B-DCCBCD459E8E}.Debug|x86.Deploy.0 = Debug|Any CPU
		{9754C69D-BF96-416F-B38B-DCCBCD459E8E}.Release|Any CPU.ActiveCfg = Release|Any CPU
		{9754C69D-BF96-416F-B38B-DCCBCD459E8E}.Release|Any CPU.Build.0 = Release|Any CPU
		{9754C69D-BF96-416F-B38B-DCCBCD459E8E}.Release|Any CPU.Deploy.0 = Release|Any CPU
		{9754C69D-BF96-416F-B38B-DCCBCD459E8E}.Release|ARM.ActiveCfg = Release|Any CPU
		{9754C69D-BF96-416F-B38B-DCCBCD459E8E}.Release|ARM.Build.0 = Release|Any CPU
		{9754C69D-BF96-416F-B38B-DCCBCD459E8E}.Release|ARM.Deploy.0 = Release|Any CPU
		{9754C69D-BF96-416F-B38B-DCCBCD459E8E}.Release|iPhone.ActiveCfg = Release|Any CPU
		{9754C69D-BF96-416F-B38B-DCCBCD459E8E}.Release|iPhone.Build.0 = Release|Any CPU
		{9754C69D-BF96-416F-B38B-DCCBCD459E8E}.Release|iPhone.Deploy.0 = Release|Any CPU
		{9754C69D-BF96-416F-B38B-DCCBCD459E8E}.Release|iPhoneSimulator.ActiveCfg = Release|Any CPU
		{9754C69D-BF96-416F-B38B-DCCBCD459E8E}.Release|iPhoneSimulator.Build.0 = Release|Any CPU
		{9754C69D-BF96-416F-B38B-DCCBCD459E8E}.Release|iPhoneSimulator.Deploy.0 = Release|Any CPU
		{9754C69D-BF96-416F-B38B-DCCBCD459E8E}.Release|x64.ActiveCfg = Release|Any CPU
		{9754C69D-BF96-416F-B38B-DCCBCD459E8E}.Release|x64.Build.0 = Release|Any CPU
		{9754C69D-BF96-416F-B38B-DCCBCD459E8E}.Release|x64.Deploy.0 = Release|Any CPU
		{9754C69D-BF96-416F-B38B-DCCBCD459E8E}.Release|x86.ActiveCfg = Release|Any CPU
		{9754C69D-BF96-416F-B38B-DCCBCD459E8E}.Release|x86.Build.0 = Release|Any CPU
		{9754C69D-BF96-416F-B38B-DCCBCD459E8E}.Release|x86.Deploy.0 = Release|Any CPU
	EndGlobalSection
	GlobalSection(SolutionProperties) = preSolution
		HideSolutionNode = FALSE
	EndGlobalSection
	GlobalSection(ExtensibilityGlobals) = postSolution
		SolutionGuid = {7FE23BB6-0993-4438-B5A2-F0304600E3BB}
	EndGlobalSection
EndGlobal
